// !$*UTF8*$!
{
	archiveVersion = 1;
	classes = {
	};
	objectVersion = 77;
	objects = {

/* Begin PBXBuildFile section */
		6C21A6E02E0754CB003F4155 /* SDWebImageSwiftUI in Frameworks */ = {isa = PBXBuildFile; productRef = 6C21A6DF2E0754CB003F4155 /* SDWebImageSwiftUI */; };
/* End PBXBuildFile section */

/* Begin PBXContainerItemProxy section */
		6CEDA0DF2DB1F71400E8A665 /* PBXContainerItemProxy */ = {
			isa = PBXContainerItemProxy;
			containerPortal = 6CEDA0C92DB1F71300E8A665 /* Project object */;
			proxyType = 1;
			remoteGlobalIDString = 6CEDA0D02DB1F71300E8A665;
			remoteInfo = Instalytics;
		};
		6CEDA0E92DB1F71400E8A665 /* PBXContainerItemProxy */ = {
			isa = PBXContainerItemProxy;
			containerPortal = 6CEDA0C92DB1F71300E8A665 /* Project object */;
			proxyType = 1;
			remoteGlobalIDString = 6CEDA0D02DB1F71300E8A665;
			remoteInfo = Instalytics;
		};
/* End PBXContainerItemProxy section */

/* Begin PBXFileReference section */
		6CEDA0D12DB1F71300E8A665 /* Instalytics.app */ = {isa = PBXFileReference; explicitFileType = wrapper.application; includeInIndex = 0; path = Instalytics.app; sourceTree = BUILT_PRODUCTS_DIR; };
		6CEDA0DE2DB1F71400E8A665 /* InstalyticsTests.xctest */ = {isa = PBXFileReference; explicitFileType = wrapper.cfbundle; includeInIndex = 0; path = InstalyticsTests.xctest; sourceTree = BUILT_PRODUCTS_DIR; };
		6CEDA0E82DB1F71400E8A665 /* InstalyticsUITests.xctest */ = {isa = PBXFileReference; explicitFileType = wrapper.cfbundle; includeInIndex = 0; path = InstalyticsUITests.xctest; sourceTree = BUILT_PRODUCTS_DIR; };
/* End PBXFileReference section */

/* Begin PBXFileSystemSynchronizedRootGroup section */
		6CEDA0D32DB1F71300E8A665 /* Instalytics */ = {
			isa = PBXFileSystemSynchronizedRootGroup;
			path = Instalytics;
			sourceTree = "<group>";
		};
		6CEDA0E12DB1F71400E8A665 /* InstalyticsTests */ = {
			isa = PBXFileSystemSynchronizedRootGroup;
			path = InstalyticsTests;
			sourceTree = "<group>";
		};
		6CEDA0EB2DB1F71400E8A665 /* InstalyticsUITests */ = {
			isa = PBXFileSystemSynchronizedRootGroup;
			path = InstalyticsUITests;
			sourceTree = "<group>";
		};
/* End PBXFileSystemSynchronizedRootGroup section */

/* Begin PBXFrameworksBuildPhase section */
		6CEDA0CE2DB1F71300E8A665 /* Frameworks */ = {
			isa = PBXFrameworksBuildPhase;
			buildActionMask = 2147483647;
			files = (
				6C21A6E02E0754CB003F4155 /* SDWebImageSwiftUI in Frameworks */,
			);
			runOnlyForDeploymentPostprocessing = 0;
		};
		6CEDA0DB2DB1F71400E8A665 /* Frameworks */ = {
			isa = PBXFrameworksBuildPhase;
			buildActionMask = 2147483647;
			files = (
			);
			runOnlyForDeploymentPostprocessing = 0;
		};
		6CEDA0E52DB1F71400E8A665 /* Frameworks */ = {
			isa = PBXFrameworksBuildPhase;
			buildActionMask = 2147483647;
			files = (
			);
			runOnlyForDeploymentPostprocessing = 0;
		};
/* End PBXFrameworksBuildPhase section */

/* Begin PBXGroup section */
		6CEDA0C82DB1F71300E8A665 = {
			isa = PBXGroup;
			children = (
				6CEDA0D32DB1F71300E8A665 /* Instalytics */,
				6CEDA0E12DB1F71400E8A665 /* InstalyticsTests */,
				6CEDA0EB2DB1F71400E8A665 /* InstalyticsUITests */,
				6CEDA0D22DB1F71300E8A665 /* Products */,
			);
			sourceTree = "<group>";
		};
		6CEDA0D22DB1F71300E8A665 /* Products */ = {
			isa = PBXGroup;
			children = (
				6CEDA0D12DB1F71300E8A665 /* Instalytics.app */,
				6CEDA0DE2DB1F71400E8A665 /* InstalyticsTests.xctest */,
				6CEDA0E82DB1F71400E8A665 /* InstalyticsUITests.xctest */,
			);
			name = Products;
			sourceTree = "<group>";
		};
/* End PBXGroup section */

/* Begin PBXNativeTarget section */
		6CEDA0D02DB1F71300E8A665 /* Instalytics */ = {
			isa = PBXNativeTarget;
			buildConfigurationList = 6CEDA0F22DB1F71400E8A665 /* Build configuration list for PBXNativeTarget "Instalytics" */;
			buildPhases = (
				6CEDA0FB2DB1F7C300E8A665 /* Build KMM Shared Module */,
				6CEDA0CD2DB1F71300E8A665 /* Sources */,
				6CEDA0CE2DB1F71300E8A665 /* Frameworks */,
				6CEDA0CF2DB1F71300E8A665 /* Resources */,
			);
			buildRules = (
			);
			dependencies = (
			);
			fileSystemSynchronizedGroups = (
				6CEDA0D32DB1F71300E8A665 /* Instalytics */,
			);
			name = Instalytics;
			packageProductDependencies = (
				6C21A6DF2E0754CB003F4155 /* SDWebImageSwiftUI */,
			);
			productName = Instalytics;
			productReference = 6CEDA0D12DB1F71300E8A665 /* Instalytics.app */;
			productType = "com.apple.product-type.application";
		};
		6CEDA0DD2DB1F71400E8A665 /* InstalyticsTests */ = {
			isa = PBXNativeTarget;
			buildConfigurationList = 6CEDA0F52DB1F71400E8A665 /* Build configuration list for PBXNativeTarget "InstalyticsTests" */;
			buildPhases = (
				6CEDA0DA2DB1F71400E8A665 /* Sources */,
				6CEDA0DB2DB1F71400E8A665 /* Frameworks */,
				6CEDA0DC2DB1F71400E8A665 /* Resources */,
			);
			buildRules = (
			);
			dependencies = (
				6CEDA0E02DB1F71400E8A665 /* PBXTargetDependency */,
			);
			fileSystemSynchronizedGroups = (
				6CEDA0E12DB1F71400E8A665 /* InstalyticsTests */,
			);
			name = InstalyticsTests;
			packageProductDependencies = (
			);
			productName = InstalyticsTests;
			productReference = 6CEDA0DE2DB1F71400E8A665 /* InstalyticsTests.xctest */;
			productType = "com.apple.product-type.bundle.unit-test";
		};
		6CEDA0E72DB1F71400E8A665 /* InstalyticsUITests */ = {
			isa = PBXNativeTarget;
			buildConfigurationList = 6CEDA0F82DB1F71400E8A665 /* Build configuration list for PBXNativeTarget "InstalyticsUITests" */;
			buildPhases = (
				6CEDA0E42DB1F71400E8A665 /* Sources */,
				6CEDA0E52DB1F71400E8A665 /* Frameworks */,
				6CEDA0E62DB1F71400E8A665 /* Resources */,
			);
			buildRules = (
			);
			dependencies = (
				6CEDA0EA2DB1F71400E8A665 /* PBXTargetDependency */,
			);
			fileSystemSynchronizedGroups = (
				6CEDA0EB2DB1F71400E8A665 /* InstalyticsUITests */,
			);
			name = InstalyticsUITests;
			packageProductDependencies = (
			);
			productName = InstalyticsUITests;
			productReference = 6CEDA0E82DB1F71400E8A665 /* InstalyticsUITests.xctest */;
			productType = "com.apple.product-type.bundle.ui-testing";
		};
/* End PBXNativeTarget section */

/* Begin PBXProject section */
		6CEDA0C92DB1F71300E8A665 /* Project object */ = {
			isa = PBXProject;
			attributes = {
				BuildIndependentTargetsInParallel = 1;
				LastSwiftUpdateCheck = 1630;
				LastUpgradeCheck = 1630;
				TargetAttributes = {
					6CEDA0D02DB1F71300E8A665 = {
						CreatedOnToolsVersion = 16.3;
					};
					6CEDA0DD2DB1F71400E8A665 = {
						CreatedOnToolsVersion = 16.3;
						TestTargetID = 6CEDA0D02DB1F71300E8A665;
					};
					6CEDA0E72DB1F71400E8A665 = {
						CreatedOnToolsVersion = 16.3;
						TestTargetID = 6CEDA0D02DB1F71300E8A665;
					};
				};
			};
			buildConfigurationList = 6CEDA0CC2DB1F71300E8A665 /* Build configuration list for PBXProject "Instalytics" */;
			developmentRegion = en;
			hasScannedForEncodings = 0;
			knownRegions = (
				en,
				Base,
			);
			mainGroup = 6CEDA0C82DB1F71300E8A665;
			minimizedProjectReferenceProxies = 1;
			packageReferences = (
				6C21A6DE2E0754CB003F4155 /* XCRemoteSwiftPackageReference "SDWebImageSwiftUI" */,
			);
			preferredProjectObjectVersion = 77;
			productRefGroup = 6CEDA0D22DB1F71300E8A665 /* Products */;
			projectDirPath = "";
			projectRoot = "";
			targets = (
				6CEDA0D02DB1F71300E8A665 /* Instalytics */,
				6CEDA0DD2DB1F71400E8A665 /* InstalyticsTests */,
				6CEDA0E72DB1F71400E8A665 /* InstalyticsUITests */,
			);
		};
/* End PBXProject section */

/* Begin PBXResourcesBuildPhase section */
		6CEDA0CF2DB1F71300E8A665 /* Resources */ = {
			isa = PBXResourcesBuildPhase;
			buildActionMask = 2147483647;
			files = (
			);
			runOnlyForDeploymentPostprocessing = 0;
		};
		6CEDA0DC2DB1F71400E8A665 /* Resources */ = {
			isa = PBXResourcesBuildPhase;
			buildActionMask = 2147483647;
			files = (
			);
			runOnlyForDeploymentPostprocessing = 0;
		};
		6CEDA0E62DB1F71400E8A665 /* Resources */ = {
			isa = PBXResourcesBuildPhase;
			buildActionMask = 2147483647;
			files = (
			);
			runOnlyForDeploymentPostprocessing = 0;
		};
/* End PBXResourcesBuildPhase section */

/* Begin PBXShellScriptBuildPhase section */
		6CEDA0FB2DB1F7C300E8A665 /* Build KMM Shared Module */ = {
			isa = PBXShellScriptBuildPhase;
			alwaysOutOfDate = 1;
			buildActionMask = 2147483647;
			files = (
			);
			inputFileListPaths = (
			);
			inputPaths = (
			);
			name = "Build KMM Shared Module";
			outputFileListPaths = (
			);
			outputPaths = (
			);
			runOnlyForDeploymentPostprocessing = 0;
			shellPath = /bin/sh;
			shellScript = "cd \"$SRCROOT/../..\"\n\necho \"Building :shared module\"\n./gradlew :shared:embedAndSignAppleFrameworkForXcode --stacktrace\n";
		};
/* End PBXShellScriptBuildPhase section */

/* Begin PBXSourcesBuildPhase section */
		6CEDA0CD2DB1F71300E8A665 /* Sources */ = {
			isa = PBXSourcesBuildPhase;
			buildActionMask = 2147483647;
			files = (
			);
			runOnlyForDeploymentPostprocessing = 0;
		};
		6CEDA0DA2DB1F71400E8A665 /* Sources */ = {
			isa = PBXSourcesBuildPhase;
			buildActionMask = 2147483647;
			files = (
			);
			runOnlyForDeploymentPostprocessing = 0;
		};
		6CEDA0E42DB1F71400E8A665 /* Sources */ = {
			isa = PBXSourcesBuildPhase;
			buildActionMask = 2147483647;
			files = (
			);
			runOnlyForDeploymentPostprocessing = 0;
		};
/* End PBXSourcesBuildPhase section */

/* Begin PBXTargetDependency section */
		6CEDA0E02DB1F71400E8A665 /* PBXTargetDependency */ = {
			isa = PBXTargetDependency;
			target = 6CEDA0D02DB1F71300E8A665 /* Instalytics */;
			targetProxy = 6CEDA0DF2DB1F71400E8A665 /* PBXContainerItemProxy */;
		};
		6CEDA0EA2DB1F71400E8A665 /* PBXTargetDependency */ = {
			isa = PBXTargetDependency;
			target = 6CEDA0D02DB1F71300E8A665 /* Instalytics */;
			targetProxy = 6CEDA0E92DB1F71400E8A665 /* PBXContainerItemProxy */;
		};
/* End PBXTargetDependency section */

/* Begin XCBuildConfiguration section */
		6CEDA0F02DB1F71400E8A665 /* Debug */ = {
			isa = XCBuildConfiguration;
			buildSettings = {
				ALWAYS_SEARCH_USER_PATHS = NO;
				ASSETCATALOG_COMPILER_GENERATE_SWIFT_ASSET_SYMBOL_EXTENSIONS = YES;
				CLANG_ANALYZER_NONNULL = YES;
				CLANG_ANALYZER_NUMBER_OBJECT_CONVERSION = YES_AGGRESSIVE;
				CLANG_CXX_LANGUAGE_STANDARD = "gnu++20";
				CLANG_ENABLE_MODULES = YES;
				CLANG_ENABLE_OBJC_ARC = YES;
				CLANG_ENABLE_OBJC_WEAK = YES;
				CLANG_WARN_BLOCK_CAPTURE_AUTORELEASING = YES;
				CLANG_WARN_BOOL_CONVERSION = YES;
				CLANG_WARN_COMMA = YES;
				CLANG_WARN_CONSTANT_CONVERSION = YES;
				CLANG_WARN_DEPRECATED_OBJC_IMPLEMENTATIONS = YES;
				CLANG_WARN_DIRECT_OBJC_ISA_USAGE = YES_ERROR;
				CLANG_WARN_DOCUMENTATION_COMMENTS = YES;
				CLANG_WARN_EMPTY_BODY = YES;
				CLANG_WARN_ENUM_CONVERSION = YES;
				CLANG_WARN_INFINITE_RECURSION = YES;
				CLANG_WARN_INT_CONVERSION = YES;
				CLANG_WARN_NON_LITERAL_NULL_CONVERSION = YES;
				CLANG_WARN_OBJC_IMPLICIT_RETAIN_SELF = YES;
				CLANG_WARN_OBJC_LITERAL_CONVERSION = YES;
				CLANG_WARN_OBJC_ROOT_CLASS = YES_ERROR;
				CLANG_WARN_QUOTED_INCLUDE_IN_FRAMEWORK_HEADER = YES;
				CLANG_WARN_RANGE_LOOP_ANALYSIS = YES;
				CLANG_WARN_STRICT_PROTOTYPES = YES;
				CLANG_WARN_SUSPICIOUS_MOVE = YES;
				CLANG_WARN_UNGUARDED_AVAILABILITY = YES_AGGRESSIVE;
				CLANG_WARN_UNREACHABLE_CODE = YES;
				CLANG_WARN__DUPLICATE_METHOD_MATCH = YES;
				COPY_PHASE_STRIP = NO;
				DEBUG_INFORMATION_FORMAT = dwarf;
				DEVELOPMENT_TEAM = 5GH6Q6KS69;
				ENABLE_STRICT_OBJC_MSGSEND = YES;
				ENABLE_TESTABILITY = YES;
				ENABLE_USER_SCRIPT_SANDBOXING = YES;
				GCC_C_LANGUAGE_STANDARD = gnu17;
				GCC_DYNAMIC_NO_PIC = NO;
				GCC_NO_COMMON_BLOCKS = YES;
				GCC_OPTIMIZATION_LEVEL = 0;
				GCC_PREPROCESSOR_DEFINITIONS = (
					"DEBUG=1",
					"$(inherited)",
				);
				GCC_WARN_64_TO_32_BIT_CONVERSION = YES;
				GCC_WARN_ABOUT_RETURN_TYPE = YES_ERROR;
				GCC_WARN_UNDECLARED_SELECTOR = YES;
				GCC_WARN_UNINITIALIZED_AUTOS = YES_AGGRESSIVE;
				GCC_WARN_UNUSED_FUNCTION = YES;
				GCC_WARN_UNUSED_VARIABLE = YES;
				IPHONEOS_DEPLOYMENT_TARGET = 18.4;
				LOCALIZATION_PREFERS_STRING_CATALOGS = YES;
				MTL_ENABLE_DEBUG_INFO = INCLUDE_SOURCE;
				MTL_FAST_MATH = YES;
				ONLY_ACTIVE_ARCH = YES;
				SDKROOT = iphoneos;
				SWIFT_ACTIVE_COMPILATION_CONDITIONS = "DEBUG $(inherited)";
				SWIFT_OPTIMIZATION_LEVEL = "-Onone";
			};
			name = Debug;
		};
		6CEDA0F12DB1F71400E8A665 /* Release */ = {
			isa = XCBuildConfiguration;
			buildSettings = {
				ALWAYS_SEARCH_USER_PATHS = NO;
				ASSETCATALOG_COMPILER_GENERATE_SWIFT_ASSET_SYMBOL_EXTENSIONS = YES;
				CLANG_ANALYZER_NONNULL = YES;
				CLANG_ANALYZER_NUMBER_OBJECT_CONVERSION = YES_AGGRESSIVE;
				CLANG_CXX_LANGUAGE_STANDARD = "gnu++20";
				CLANG_ENABLE_MODULES = YES;
				CLANG_ENABLE_OBJC_ARC = YES;
				CLANG_ENABLE_OBJC_WEAK = YES;
				CLANG_WARN_BLOCK_CAPTURE_AUTORELEASING = YES;
				CLANG_WARN_BOOL_CONVERSION = YES;
				CLANG_WARN_COMMA = YES;
				CLANG_WARN_CONSTANT_CONVERSION = YES;
				CLANG_WARN_DEPRECATED_OBJC_IMPLEMENTATIONS = YES;
				CLANG_WARN_DIRECT_OBJC_ISA_USAGE = YES_ERROR;
				CLANG_WARN_DOCUMENTATION_COMMENTS = YES;
				CLANG_WARN_EMPTY_BODY = YES;
				CLANG_WARN_ENUM_CONVERSION = YES;
				CLANG_WARN_INFINITE_RECURSION = YES;
				CLANG_WARN_INT_CONVERSION = YES;
				CLANG_WARN_NON_LITERAL_NULL_CONVERSION = YES;
				CLANG_WARN_OBJC_IMPLICIT_RETAIN_SELF = YES;
				CLANG_WARN_OBJC_LITERAL_CONVERSION = YES;
				CLANG_WARN_OBJC_ROOT_CLASS = YES_ERROR;
				CLANG_WARN_QUOTED_INCLUDE_IN_FRAMEWORK_HEADER = YES;
				CLANG_WARN_RANGE_LOOP_ANALYSIS = YES;
				CLANG_WARN_STRICT_PROTOTYPES = YES;
				CLANG_WARN_SUSPICIOUS_MOVE = YES;
				CLANG_WARN_UNGUARDED_AVAILABILITY = YES_AGGRESSIVE;
				CLANG_WARN_UNREACHABLE_CODE = YES;
				CLANG_WARN__DUPLICATE_METHOD_MATCH = YES;
				COPY_PHASE_STRIP = NO;
				DEBUG_INFORMATION_FORMAT = "dwarf-with-dsym";
				DEVELOPMENT_TEAM = 5GH6Q6KS69;
				ENABLE_NS_ASSERTIONS = NO;
				ENABLE_STRICT_OBJC_MSGSEND = YES;
				ENABLE_USER_SCRIPT_SANDBOXING = YES;
				GCC_C_LANGUAGE_STANDARD = gnu17;
				GCC_NO_COMMON_BLOCKS = YES;
				GCC_WARN_64_TO_32_BIT_CONVERSION = YES;
				GCC_WARN_ABOUT_RETURN_TYPE = YES_ERROR;
				GCC_WARN_UNDECLARED_SELECTOR = YES;
				GCC_WARN_UNINITIALIZED_AUTOS = YES_AGGRESSIVE;
				GCC_WARN_UNUSED_FUNCTION = YES;
				GCC_WARN_UNUSED_VARIABLE = YES;
				IPHONEOS_DEPLOYMENT_TARGET = 18.4;
				LOCALIZATION_PREFERS_STRING_CATALOGS = YES;
				MTL_ENABLE_DEBUG_INFO = NO;
				MTL_FAST_MATH = YES;
				SDKROOT = iphoneos;
				SWIFT_COMPILATION_MODE = wholemodule;
				VALIDATE_PRODUCT = YES;
			};
			name = Release;
		};
		6CEDA0F32DB1F71400E8A665 /* Debug */ = {
			isa = XCBuildConfiguration;
			buildSettings = {
				ASSETCATALOG_COMPILER_APPICON_NAME = AppIcon;
				ASSETCATALOG_COMPILER_GLOBAL_ACCENT_COLOR_NAME = AccentColor;
				CODE_SIGN_STYLE = Automatic;
				CURRENT_PROJECT_VERSION = 1;
				DEVELOPMENT_TEAM = 5GH6Q6KS69;
				ENABLE_PREVIEWS = YES;
				ENABLE_USER_SCRIPT_SANDBOXING = NO;
				GENERATE_INFOPLIST_FILE = YES;
				INFOPLIST_KEY_LSApplicationCategoryType = "public.app-category.social-networking";
				INFOPLIST_KEY_UIApplicationSceneManifest_Generation = YES;
				INFOPLIST_KEY_UIApplicationSupportsIndirectInputEvents = YES;
				INFOPLIST_KEY_UILaunchScreen_Generation = YES;
				INFOPLIST_KEY_UISupportedInterfaceOrientations = UIInterfaceOrientationPortrait;
				INFOPLIST_KEY_UISupportedInterfaceOrientations_iPad = "UIInterfaceOrientationLandscapeLeft UIInterfaceOrientationLandscapeRight UIInterfaceOrientationPortrait UIInterfaceOrientationPortraitUpsideDown";
				IPHONEOS_DEPLOYMENT_TARGET = 18.0;
				LD_RUNPATH_SEARCH_PATHS = (
					"$(inherited)",
					"@executable_path/Frameworks",
				);
				MARKETING_VERSION = 1.0;
				PRODUCT_BUNDLE_IDENTIFIER = dev.forcetower.instalytics;
				PRODUCT_NAME = "$(TARGET_NAME)";
				SWIFT_EMIT_LOC_STRINGS = YES;
				SWIFT_VERSION = 5.0;
				TARGETED_DEVICE_FAMILY = "1,2";
			};
			name = Debug;
		};
		6CEDA0F42DB1F71400E8A665 /* Release */ = {
			isa = XCBuildConfiguration;
			buildSettings = {
				ASSETCATALOG_COMPILER_APPICON_NAME = AppIcon;
				ASSETCATALOG_COMPILER_GLOBAL_ACCENT_COLOR_NAME = AccentColor;
				CODE_SIGN_STYLE = Automatic;
				CURRENT_PROJECT_VERSION = 1;
				DEVELOPMENT_TEAM = 5GH6Q6KS69;
				ENABLE_PREVIEWS = YES;
				ENABLE_USER_SCRIPT_SANDBOXING = NO;
				GENERATE_INFOPLIST_FILE = YES;
				INFOPLIST_KEY_LSApplicationCategoryType = "public.app-category.social-networking";
				INFOPLIST_KEY_UIApplicationSceneManifest_Generation = YES;
				INFOPLIST_KEY_UIApplicationSupportsIndirectInputEvents = YES;
				INFOPLIST_KEY_UILaunchScreen_Generation = YES;
				INFOPLIST_KEY_UISupportedInterfaceOrientations = UIInterfaceOrientationPortrait;
				INFOPLIST_KEY_UISupportedInterfaceOrientations_iPad = "UIInterfaceOrientationLandscapeLeft UIInterfaceOrientationLandscapeRight UIInterfaceOrientationPortrait UIInterfaceOrientationPortraitUpsideDown";
				IPHONEOS_DEPLOYMENT_TARGET = 18.0;
				LD_RUNPATH_SEARCH_PATHS = (
					"$(inherited)",
					"@executable_path/Frameworks",
				);
				MARKETING_VERSION = 1.0;
				PRODUCT_BUNDLE_IDENTIFIER = dev.forcetower.instalytics;
				PRODUCT_NAME = "$(TARGET_NAME)";
				SWIFT_EMIT_LOC_STRINGS = YES;
				SWIFT_VERSION = 5.0;
				TARGETED_DEVICE_FAMILY = "1,2";
			};
			name = Release;
		};
		6CEDA0F62DB1F71400E8A665 /* Debug */ = {
			isa = XCBuildConfiguration;
			buildSettings = {
				BUNDLE_LOADER = "$(TEST_HOST)";
				CODE_SIGN_STYLE = Automatic;
				CURRENT_PROJECT_VERSION = 1;
				DEVELOPMENT_TEAM = 5GH6Q6KS69;
				GENERATE_INFOPLIST_FILE = YES;
				IPHONEOS_DEPLOYMENT_TARGET = 18.4;
				MARKETING_VERSION = 1.0;
				PRODUCT_BUNDLE_IDENTIFIER = dev.forcetower.InstalyticsTests;
				PRODUCT_NAME = "$(TARGET_NAME)";
				SWIFT_EMIT_LOC_STRINGS = NO;
				SWIFT_VERSION = 5.0;
				TARGETED_DEVICE_FAMILY = "1,2";
				TEST_HOST = "$(BUILT_PRODUCTS_DIR)/Instalytics.app/$(BUNDLE_EXECUTABLE_FOLDER_PATH)/Instalytics";
			};
			name = Debug;
		};
		6CEDA0F72DB1F71400E8A665 /* Release */ = {
			isa = XCBuildConfiguration;
			buildSettings = {
				BUNDLE_LOADER = "$(TEST_HOST)";
				CODE_SIGN_STYLE = Automatic;
				CURRENT_PROJECT_VERSION = 1;
				DEVELOPMENT_TEAM = 5GH6Q6KS69;
				GENERATE_INFOPLIST_FILE = YES;
				IPHONEOS_DEPLOYMENT_TARGET = 18.4;
				MARKETING_VERSION = 1.0;
				PRODUCT_BUNDLE_IDENTIFIER = dev.forcetower.InstalyticsTests;
				PRODUCT_NAME = "$(TARGET_NAME)";
				SWIFT_EMIT_LOC_STRINGS = NO;
				SWIFT_VERSION = 5.0;
				TARGETED_DEVICE_FAMILY = "1,2";
				TEST_HOST = "$(BUILT_PRODUCTS_DIR)/Instalytics.app/$(BUNDLE_EXECUTABLE_FOLDER_PATH)/Instalytics";
			};
			name = Release;
		};
		6CEDA0F92DB1F71400E8A665 /* Debug */ = {
			isa = XCBuildConfiguration;
			buildSettings = {
				CODE_SIGN_STYLE = Automatic;
				CURRENT_PROJECT_VERSION = 1;
				DEVELOPMENT_TEAM = 5GH6Q6KS69;
				GENERATE_INFOPLIST_FILE = YES;
				MARKETING_VERSION = 1.0;
				PRODUCT_BUNDLE_IDENTIFIER = dev.forcetower.InstalyticsUITests;
				PRODUCT_NAME = "$(TARGET_NAME)";
				SWIFT_EMIT_LOC_STRINGS = NO;
				SWIFT_VERSION = 5.0;
				TARGETED_DEVICE_FAMILY = "1,2";
				TEST_TARGET_NAME = Instalytics;
			};
			name = Debug;
		};
		6CEDA0FA2DB1F71400E8A665 /* Release */ = {
			isa = XCBuildConfiguration;
			buildSettings = {
				CODE_SIGN_STYLE = Automatic;
				CURRENT_PROJECT_VERSION = 1;
				DEVELOPMENT_TEAM = 5GH6Q6KS69;
				GENERATE_INFOPLIST_FILE = YES;
				MARKETING_VERSION = 1.0;
				PRODUCT_BUNDLE_IDENTIFIER = dev.forcetower.InstalyticsUITests;
				PRODUCT_NAME = "$(TARGET_NAME)";
				SWIFT_EMIT_LOC_STRINGS = NO;
				SWIFT_VERSION = 5.0;
				TARGETED_DEVICE_FAMILY = "1,2";
				TEST_TARGET_NAME = Instalytics;
			};
			name = Release;
		};
/* End XCBuildConfiguration section */

/* Begin XCConfigurationList section */
		6CEDA0CC2DB1F71300E8A665 /* Build configuration list for PBXProject "Instalytics" */ = {
			isa = XCConfigurationList;
			buildConfigurations = (
				6CEDA0F02DB1F71400E8A665 /* Debug */,
				6CEDA0F12DB1F71400E8A665 /* Release */,
			);
			defaultConfigurationIsVisible = 0;
			defaultConfigurationName = Release;
		};
		6CEDA0F22DB1F71400E8A665 /* Build configuration list for PBXNativeTarget "Instalytics" */ = {
			isa = XCConfigurationList;
			buildConfigurations = (
				6CEDA0F32DB1F71400E8A665 /* Debug */,
				6CEDA0F42DB1F71400E8A665 /* Release */,
			);
			defaultConfigurationIsVisible = 0;
			defaultConfigurationName = Release;
		};
		6CEDA0F52DB1F71400E8A665 /* Build configuration list for PBXNativeTarget "InstalyticsTests" */ = {
			isa = XCConfigurationList;
			buildConfigurations = (
				6CEDA0F62DB1F71400E8A665 /* Debug */,
				6CEDA0F72DB1F71400E8A665 /* Release */,
			);
			defaultConfigurationIsVisible = 0;
			defaultConfigurationName = Release;
		};
		6CEDA0F82DB1F71400E8A665 /* Build configuration list for PBXNativeTarget "InstalyticsUITests" */ = {
			isa = XCConfigurationList;
			buildConfigurations = (
				6CEDA0F92DB1F71400E8A665 /* Debug */,
				6CEDA0FA2DB1F71400E8A665 /* Release */,
			);
			defaultConfigurationIsVisible = 0;
			defaultConfigurationName = Release;
		};
/* End XCConfigurationList section */

/* Begin XCRemoteSwiftPackageReference section */
		6C21A6DE2E0754CB003F4155 /* XCRemoteSwiftPackageReference "SDWebImageSwiftUI" */ = {
			isa = XCRemoteSwiftPackageReference;
			repositoryURL = "https://github.com/SDWebImage/SDWebImageSwiftUI.git";
			requirement = {
				kind = upToNextMajorVersion;
				minimumVersion = 3.1.3;
			};
		};
/* End XCRemoteSwiftPackageReference section */

/* Begin XCSwiftPackageProductDependency section */
		6C21A6DF2E0754CB003F4155 /* SDWebImageSwiftUI */ = {
			isa = XCSwiftPackageProductDependency;
			package = 6C21A6DE2E0754CB003F4155 /* XCRemoteSwiftPackageReference "SDWebImageSwiftUI" */;
			productName = SDWebImageSwiftUI;
		};
/* End XCSwiftPackageProductDependency section */
	};
	rootObject = 6CEDA0C92DB1F71300E8A665 /* Project object */;
}
